
Microsoft Visual Studio Solution File, Format Version 12.00
# Visual Studio Version 17
VisualStudioVersion = 17.0.32002.185
MinimumVisualStudioVersion = 10.0.40219.1
Project("{FAE04EC0-301F-11D3-BF4B-00C04F79EFBC}") = "Movies Lab", "Movies Lab\Movies Lab.csproj", "{001D9989-7DE4-4F7F-8029-65BF3274A1EE}"
EndProject
Global
	GlobalSection(SolutionConfigurationPlatforms) = preSolution
		Debug|Any CPU = Debug|Any CPU
		Release|Any CPU = Release|Any CPU
	EndGlobalSection
	GlobalSection(ProjectConfigurationPlatforms) = postSolution
		{001D9989-7DE4-4F7F-8029-65BF3274A1EE}.Debug|Any CPU.ActiveCfg = Debug|Any CPU
		{001D9989-7DE4-4F7F-8029-65BF3274A1EE}.Debug|Any CPU.Build.0 = Debug|Any CPU
		{001D9989-7DE4-4F7F-8029-65BF3274A1EE}.Release|Any CPU.ActiveCfg = Release|Any CPU
		{001D9989-7DE4-4F7F-8029-65BF3274A1EE}.Release|Any CPU.Build.0 = Release|Any CPU
	EndGlobalSection
	GlobalSection(SolutionProperties) = preSolution
		HideSolutionNode = FALSE
	EndGlobalSection
	GlobalSection(ExtensibilityGlobals) = postSolution
		SolutionGuid = {FB17872F-C40C-4C69-A34C-82067DC85AE3}
	EndGlobalSection
EndGlobal
